{
  "name": "grumpydev-mcp",
  "version": "1.0.0",
  "lockfileVersion": 3,
  "requires": true,
  "packages": {
    "": {
      "name": "grumpydev-mcp",
      "version": "1.0.0",
      "license": "MIT",
      "bin": {
        "grumpydev-mcp": "bin/grumpydev-mcp.js"
      },
      "engines": {
        "node": ">=20.11.0"
      }
    }
  }
}
